// !$*UTF8*$!
{
	archiveVersion = 1;
	classes = {
	};
	objectVersion = 55;
	objects = {

/* Begin PBXBuildFile section */
		8918F21C2872D56C00E4CF89 /* CacheManager.swift in Sources */ = {isa = PBXBuildFile; fileRef = 8918F21B2872D56C00E4CF89 /* CacheManager.swift */; };
		8918F2212873FC1200E4CF89 /* WeatherDetailViewController.swift in Sources */ = {isa = PBXBuildFile; fileRef = 8918F2202873FC1200E4CF89 /* WeatherDetailViewController.swift */; };
		8918F2232873FD4000E4CF89 /* DetailWeather.swift in Sources */ = {isa = PBXBuildFile; fileRef = 8918F2222873FD4000E4CF89 /* DetailWeather.swift */; };
		892F4697287540EA007C7090 /* UIViewController+.swift in Sources */ = {isa = PBXBuildFile; fileRef = 892F4696287540EA007C7090 /* UIViewController+.swift */; };
		896A9CEF2869804D00A49C1E /* SimpleWeather.swift in Sources */ = {isa = PBXBuildFile; fileRef = 896A9CEE2869804D00A49C1E /* SimpleWeather.swift */; };
		896A9CF128698C2E00A49C1E /* NetworkManager.swift in Sources */ = {isa = PBXBuildFile; fileRef = 896A9CF028698C2E00A49C1E /* NetworkManager.swift */; };
		896A9CF52869A51D00A49C1E /* WeatherData.swift in Sources */ = {isa = PBXBuildFile; fileRef = 896A9CF42869A51D00A49C1E /* WeatherData.swift */; };
		898D9372286ED6D5006979D4 /* LoadingView.swift in Sources */ = {isa = PBXBuildFile; fileRef = 898D9371286ED6D5006979D4 /* LoadingView.swift */; };
		89924DE028658BB4006EA2EE /* AppDelegate.swift in Sources */ = {isa = PBXBuildFile; fileRef = 89924DDF28658BB4006EA2EE /* AppDelegate.swift */; };
		89924DE228658BB4006EA2EE /* SceneDelegate.swift in Sources */ = {isa = PBXBuildFile; fileRef = 89924DE128658BB4006EA2EE /* SceneDelegate.swift */; };
		89924DE428658BB4006EA2EE /* CitiesListViewController.swift in Sources */ = {isa = PBXBuildFile; fileRef = 89924DE328658BB4006EA2EE /* CitiesListViewController.swift */; };
		89924DE928658BB5006EA2EE /* Assets.xcassets in Resources */ = {isa = PBXBuildFile; fileRef = 89924DE828658BB5006EA2EE /* Assets.xcassets */; };
		89924DEC28658BB5006EA2EE /* LaunchScreen.storyboard in Resources */ = {isa = PBXBuildFile; fileRef = 89924DEA28658BB5006EA2EE /* LaunchScreen.storyboard */; };
		89924DF4286591AE006EA2EE /* WeatherTableViewCell.swift in Sources */ = {isa = PBXBuildFile; fileRef = 89924DF3286591AE006EA2EE /* WeatherTableViewCell.swift */; };
		89924DF62865961A006EA2EE /* Constants.swift in Sources */ = {isa = PBXBuildFile; fileRef = 89924DF52865961A006EA2EE /* Constants.swift */; };
		899E38482877E8D700457639 /* LanguageCode.swift in Sources */ = {isa = PBXBuildFile; fileRef = 899E38472877E8D700457639 /* LanguageCode.swift */; };
		89CE58EF2877CD4C00E2ED02 /* Localizable.strings in Resources */ = {isa = PBXBuildFile; fileRef = 89CE58F12877CD4C00E2ED02 /* Localizable.strings */; };
		89CE58F42877D21900E2ED02 /* String+.swift in Sources */ = {isa = PBXBuildFile; fileRef = 89CE58F32877D21900E2ED02 /* String+.swift */; };
/* End PBXBuildFile section */

/* Begin PBXFileReference section */
		8918F21B2872D56C00E4CF89 /* CacheManager.swift */ = {isa = PBXFileReference; lastKnownFileType = sourcecode.swift; path = CacheManager.swift; sourceTree = "<group>"; };
		8918F2202873FC1200E4CF89 /* WeatherDetailViewController.swift */ = {isa = PBXFileReference; lastKnownFileType = sourcecode.swift; path = WeatherDetailViewController.swift; sourceTree = "<group>"; };
		8918F2222873FD4000E4CF89 /* DetailWeather.swift */ = {isa = PBXFileReference; lastKnownFileType = sourcecode.swift; path = DetailWeather.swift; sourceTree = "<group>"; };
		892F4696287540EA007C7090 /* UIViewController+.swift */ = {isa = PBXFileReference; lastKnownFileType = sourcecode.swift; path = "UIViewController+.swift"; sourceTree = "<group>"; };
		896A9CEE2869804D00A49C1E /* SimpleWeather.swift */ = {isa = PBXFileReference; lastKnownFileType = sourcecode.swift; path = SimpleWeather.swift; sourceTree = "<group>"; };
		896A9CF028698C2E00A49C1E /* NetworkManager.swift */ = {isa = PBXFileReference; lastKnownFileType = sourcecode.swift; path = NetworkManager.swift; sourceTree = "<group>"; };
		896A9CF42869A51D00A49C1E /* WeatherData.swift */ = {isa = PBXFileReference; lastKnownFileType = sourcecode.swift; path = WeatherData.swift; sourceTree = "<group>"; };
		898D9371286ED6D5006979D4 /* LoadingView.swift */ = {isa = PBXFileReference; lastKnownFileType = sourcecode.swift; path = LoadingView.swift; sourceTree = "<group>"; };
		89924DDC28658BB4006EA2EE /* WeatherInformation.app */ = {isa = PBXFileReference; explicitFileType = wrapper.application; includeInIndex = 0; path = WeatherInformation.app; sourceTree = BUILT_PRODUCTS_DIR; };
		89924DDF28658BB4006EA2EE /* AppDelegate.swift */ = {isa = PBXFileReference; lastKnownFileType = sourcecode.swift; path = AppDelegate.swift; sourceTree = "<group>"; };
		89924DE128658BB4006EA2EE /* SceneDelegate.swift */ = {isa = PBXFileReference; lastKnownFileType = sourcecode.swift; path = SceneDelegate.swift; sourceTree = "<group>"; };
		89924DE328658BB4006EA2EE /* CitiesListViewController.swift */ = {isa = PBXFileReference; lastKnownFileType = sourcecode.swift; path = CitiesListViewController.swift; sourceTree = "<group>"; };
		89924DE828658BB5006EA2EE /* Assets.xcassets */ = {isa = PBXFileReference; lastKnownFileType = folder.assetcatalog; path = Assets.xcassets; sourceTree = "<group>"; };
		89924DEB28658BB5006EA2EE /* Base */ = {isa = PBXFileReference; lastKnownFileType = file.storyboard; name = Base; path = Base.lproj/LaunchScreen.storyboard; sourceTree = "<group>"; };
		89924DED28658BB5006EA2EE /* Info.plist */ = {isa = PBXFileReference; lastKnownFileType = text.plist.xml; path = Info.plist; sourceTree = "<group>"; };
		89924DF3286591AE006EA2EE /* WeatherTableViewCell.swift */ = {isa = PBXFileReference; lastKnownFileType = sourcecode.swift; path = WeatherTableViewCell.swift; sourceTree = "<group>"; };
		89924DF52865961A006EA2EE /* Constants.swift */ = {isa = PBXFileReference; lastKnownFileType = sourcecode.swift; path = Constants.swift; sourceTree = "<group>"; };
		899E38462877D67500457639 /* ja */ = {isa = PBXFileReference; lastKnownFileType = text.plist.strings; name = ja; path = ja.lproj/Localizable.strings; sourceTree = "<group>"; };
		899E38472877E8D700457639 /* LanguageCode.swift */ = {isa = PBXFileReference; lastKnownFileType = sourcecode.swift; path = LanguageCode.swift; sourceTree = "<group>"; };
		89CE58F02877CD4C00E2ED02 /* en */ = {isa = PBXFileReference; lastKnownFileType = text.plist.strings; name = en; path = en.lproj/Localizable.strings; sourceTree = "<group>"; };
		89CE58F22877CF3C00E2ED02 /* ko */ = {isa = PBXFileReference; lastKnownFileType = text.plist.strings; name = ko; path = ko.lproj/Localizable.strings; sourceTree = "<group>"; };
		89CE58F32877D21900E2ED02 /* String+.swift */ = {isa = PBXFileReference; lastKnownFileType = sourcecode.swift; path = "String+.swift"; sourceTree = "<group>"; };
/* End PBXFileReference section */

/* Begin PBXFrameworksBuildPhase section */
		89924DD928658BB4006EA2EE /* Frameworks */ = {
			isa = PBXFrameworksBuildPhase;
			buildActionMask = 2147483647;
			files = (
			);
			runOnlyForDeploymentPostprocessing = 0;
		};
/* End PBXFrameworksBuildPhase section */

/* Begin PBXGroup section */
		8918F2192872D4F500E4CF89 /* Controllers */ = {
			isa = PBXGroup;
			children = (
				89924DE328658BB4006EA2EE /* CitiesListViewController.swift */,
				8918F2202873FC1200E4CF89 /* WeatherDetailViewController.swift */,
			);
			path = Controllers;
			sourceTree = "<group>";
		};
		8918F21A2872D4FE00E4CF89 /* Helpers */ = {
			isa = PBXGroup;
			children = (
				896A9CF028698C2E00A49C1E /* NetworkManager.swift */,
				899E38472877E8D700457639 /* LanguageCode.swift */,
				89924DF52865961A006EA2EE /* Constants.swift */,
				8918F21B2872D56C00E4CF89 /* CacheManager.swift */,
				89CE58F12877CD4C00E2ED02 /* Localizable.strings */,
			);
			path = Helpers;
			sourceTree = "<group>";
		};
		8918F21D2872D5CE00E4CF89 /* Extensions */ = {
			isa = PBXGroup;
			children = (
				892F4696287540EA007C7090 /* UIViewController+.swift */,
				89CE58F32877D21900E2ED02 /* String+.swift */,
			);
			path = Extensions;
			sourceTree = "<group>";
		};
		896A9CF228698D8700A49C1E /* Models */ = {
			isa = PBXGroup;
			children = (
				896A9CEE2869804D00A49C1E /* SimpleWeather.swift */,
				8918F2222873FD4000E4CF89 /* DetailWeather.swift */,
				896A9CF42869A51D00A49C1E /* WeatherData.swift */,
			);
			path = Models;
			sourceTree = "<group>";
		};
		896A9CF328698D9D00A49C1E /* Views */ = {
			isa = PBXGroup;
			children = (
				89924DF3286591AE006EA2EE /* WeatherTableViewCell.swift */,
				898D9371286ED6D5006979D4 /* LoadingView.swift */,
			);
			path = Views;
			sourceTree = "<group>";
		};
		89924DD328658BB4006EA2EE = {
			isa = PBXGroup;
			children = (
				89924DDE28658BB4006EA2EE /* WeatherInformation */,
				89924DDD28658BB4006EA2EE /* Products */,
			);
			sourceTree = "<group>";
		};
		89924DDD28658BB4006EA2EE /* Products */ = {
			isa = PBXGroup;
			children = (
				89924DDC28658BB4006EA2EE /* WeatherInformation.app */,
			);
			name = Products;
			sourceTree = "<group>";
		};
		89924DDE28658BB4006EA2EE /* WeatherInformation */ = {
			isa = PBXGroup;
			children = (
				89924DDF28658BB4006EA2EE /* AppDelegate.swift */,
				89924DE128658BB4006EA2EE /* SceneDelegate.swift */,
				896A9CF228698D8700A49C1E /* Models */,
				896A9CF328698D9D00A49C1E /* Views */,
				8918F2192872D4F500E4CF89 /* Controllers */,
				8918F21A2872D4FE00E4CF89 /* Helpers */,
				8918F21D2872D5CE00E4CF89 /* Extensions */,
				89924DE828658BB5006EA2EE /* Assets.xcassets */,
				89924DEA28658BB5006EA2EE /* LaunchScreen.storyboard */,
				89924DED28658BB5006EA2EE /* Info.plist */,
			);
			path = WeatherInformation;
			sourceTree = "<group>";
		};
/* End PBXGroup section */

/* Begin PBXNativeTarget section */
		89924DDB28658BB4006EA2EE /* WeatherInformation */ = {
			isa = PBXNativeTarget;
			buildConfigurationList = 89924DF028658BB5006EA2EE /* Build configuration list for PBXNativeTarget "WeatherInformation" */;
			buildPhases = (
				89924DD828658BB4006EA2EE /* Sources */,
				89924DD928658BB4006EA2EE /* Frameworks */,
				89924DDA28658BB4006EA2EE /* Resources */,
			);
			buildRules = (
			);
			dependencies = (
			);
			name = WeatherInformation;
			productName = WeatherInformation;
			productReference = 89924DDC28658BB4006EA2EE /* WeatherInformation.app */;
			productType = "com.apple.product-type.application";
		};
/* End PBXNativeTarget section */

/* Begin PBXProject section */
		89924DD428658BB4006EA2EE /* Project object */ = {
			isa = PBXProject;
			attributes = {
				BuildIndependentTargetsInParallel = 1;
				LastSwiftUpdateCheck = 1330;
				LastUpgradeCheck = 1330;
				TargetAttributes = {
					89924DDB28658BB4006EA2EE = {
						CreatedOnToolsVersion = 13.3;
					};
				};
			};
			buildConfigurationList = 89924DD728658BB4006EA2EE /* Build configuration list for PBXProject "WeatherInformation" */;
			compatibilityVersion = "Xcode 13.0";
			developmentRegion = en;
			hasScannedForEncodings = 0;
			knownRegions = (
				en,
				Base,
				ko,
				ja,
			);
			mainGroup = 89924DD328658BB4006EA2EE;
			productRefGroup = 89924DDD28658BB4006EA2EE /* Products */;
			projectDirPath = "";
			projectRoot = "";
			targets = (
				89924DDB28658BB4006EA2EE /* WeatherInformation */,
			);
		};
/* End PBXProject section */

/* Begin PBXResourcesBuildPhase section */
		89924DDA28658BB4006EA2EE /* Resources */ = {
			isa = PBXResourcesBuildPhase;
			buildActionMask = 2147483647;
			files = (
				89924DEC28658BB5006EA2EE /* LaunchScreen.storyboard in Resources */,
				89CE58EF2877CD4C00E2ED02 /* Localizable.strings in Resources */,
				89924DE928658BB5006EA2EE /* Assets.xcassets in Resources */,
			);
			runOnlyForDeploymentPostprocessing = 0;
		};
/* End PBXResourcesBuildPhase section */

/* Begin PBXSourcesBuildPhase section */
		89924DD828658BB4006EA2EE /* Sources */ = {
			isa = PBXSourcesBuildPhase;
			buildActionMask = 2147483647;
			files = (
				89924DF62865961A006EA2EE /* Constants.swift in Sources */,
				89924DF4286591AE006EA2EE /* WeatherTableViewCell.swift in Sources */,
				89924DE428658BB4006EA2EE /* CitiesListViewController.swift in Sources */,
				896A9CF128698C2E00A49C1E /* NetworkManager.swift in Sources */,
				896A9CEF2869804D00A49C1E /* SimpleWeather.swift in Sources */,
				89924DE028658BB4006EA2EE /* AppDelegate.swift in Sources */,
				8918F21C2872D56C00E4CF89 /* CacheManager.swift in Sources */,
				896A9CF52869A51D00A49C1E /* WeatherData.swift in Sources */,
				892F4697287540EA007C7090 /* UIViewController+.swift in Sources */,
				899E38482877E8D700457639 /* LanguageCode.swift in Sources */,
				89924DE228658BB4006EA2EE /* SceneDelegate.swift in Sources */,
				8918F2232873FD4000E4CF89 /* DetailWeather.swift in Sources */,
				8918F2212873FC1200E4CF89 /* WeatherDetailViewController.swift in Sources */,
				89CE58F42877D21900E2ED02 /* String+.swift in Sources */,
				898D9372286ED6D5006979D4 /* LoadingView.swift in Sources */,
			);
			runOnlyForDeploymentPostprocessing = 0;
		};
/* End PBXSourcesBuildPhase section */

/* Begin PBXVariantGroup section */
		89924DEA28658BB5006EA2EE /* LaunchScreen.storyboard */ = {
			isa = PBXVariantGroup;
			children = (
				89924DEB28658BB5006EA2EE /* Base */,
			);
			name = LaunchScreen.storyboard;
			sourceTree = "<group>";
		};
		89CE58F12877CD4C00E2ED02 /* Localizable.strings */ = {
			isa = PBXVariantGroup;
			children = (
				89CE58F02877CD4C00E2ED02 /* en */,
				89CE58F22877CF3C00E2ED02 /* ko */,
				899E38462877D67500457639 /* ja */,
			);
			name = Localizable.strings;
			sourceTree = "<group>";
		};
/* End PBXVariantGroup section */

/* Begin XCBuildConfiguration section */
		89924DEE28658BB5006EA2EE /* Debug */ = {
			isa = XCBuildConfiguration;
			buildSettings = {
				ALWAYS_SEARCH_USER_PATHS = NO;
				CLANG_ANALYZER_LOCALIZABILITY_NONLOCALIZED = YES;
				CLANG_ANALYZER_NONNULL = YES;
				CLANG_ANALYZER_NUMBER_OBJECT_CONVERSION = YES_AGGRESSIVE;
				CLANG_CXX_LANGUAGE_STANDARD = "gnu++17";
				CLANG_ENABLE_MODULES = YES;
				CLANG_ENABLE_OBJC_ARC = YES;
				CLANG_ENABLE_OBJC_WEAK = YES;
				CLANG_WARN_BLOCK_CAPTURE_AUTORELEASING = YES;
				CLANG_WARN_BOOL_CONVERSION = YES;
				CLANG_WARN_COMMA = YES;
				CLANG_WARN_CONSTANT_CONVERSION = YES;
				CLANG_WARN_DEPRECATED_OBJC_IMPLEMENTATIONS = YES;
				CLANG_WARN_DIRECT_OBJC_ISA_USAGE = YES_ERROR;
				CLANG_WARN_DOCUMENTATION_COMMENTS = YES;
				CLANG_WARN_EMPTY_BODY = YES;
				CLANG_WARN_ENUM_CONVERSION = YES;
				CLANG_WARN_INFINITE_RECURSION = YES;
				CLANG_WARN_INT_CONVERSION = YES;
				CLANG_WARN_NON_LITERAL_NULL_CONVERSION = YES;
				CLANG_WARN_OBJC_IMPLICIT_RETAIN_SELF = YES;
				CLANG_WARN_OBJC_LITERAL_CONVERSION = YES;
				CLANG_WARN_OBJC_ROOT_CLASS = YES_ERROR;
				CLANG_WARN_QUOTED_INCLUDE_IN_FRAMEWORK_HEADER = YES;
				CLANG_WARN_RANGE_LOOP_ANALYSIS = YES;
				CLANG_WARN_STRICT_PROTOTYPES = YES;
				CLANG_WARN_SUSPICIOUS_MOVE = YES;
				CLANG_WARN_UNGUARDED_AVAILABILITY = YES_AGGRESSIVE;
				CLANG_WARN_UNREACHABLE_CODE = YES;
				CLANG_WARN__DUPLICATE_METHOD_MATCH = YES;
				COPY_PHASE_STRIP = NO;
				DEBUG_INFORMATION_FORMAT = dwarf;
				ENABLE_STRICT_OBJC_MSGSEND = YES;
				ENABLE_TESTABILITY = YES;
				GCC_C_LANGUAGE_STANDARD = gnu11;
				GCC_DYNAMIC_NO_PIC = NO;
				GCC_NO_COMMON_BLOCKS = YES;
				GCC_OPTIMIZATION_LEVEL = 0;
				GCC_PREPROCESSOR_DEFINITIONS = (
					"DEBUG=1",
					"$(inherited)",
				);
				GCC_WARN_64_TO_32_BIT_CONVERSION = YES;
				GCC_WARN_ABOUT_RETURN_TYPE = YES_ERROR;
				GCC_WARN_UNDECLARED_SELECTOR = YES;
				GCC_WARN_UNINITIALIZED_AUTOS = YES_AGGRESSIVE;
				GCC_WARN_UNUSED_FUNCTION = YES;
				GCC_WARN_UNUSED_VARIABLE = YES;
				IPHONEOS_DEPLOYMENT_TARGET = 14.0;
				MTL_ENABLE_DEBUG_INFO = INCLUDE_SOURCE;
				MTL_FAST_MATH = YES;
				ONLY_ACTIVE_ARCH = YES;
				SDKROOT = iphoneos;
				SWIFT_ACTIVE_COMPILATION_CONDITIONS = DEBUG;
				SWIFT_OPTIMIZATION_LEVEL = "-Onone";
			};
			name = Debug;
		};
		89924DEF28658BB5006EA2EE /* Release */ = {
			isa = XCBuildConfiguration;
			buildSettings = {
				ALWAYS_SEARCH_USER_PATHS = NO;
				CLANG_ANALYZER_LOCALIZABILITY_NONLOCALIZED = YES;
				CLANG_ANALYZER_NONNULL = YES;
				CLANG_ANALYZER_NUMBER_OBJECT_CONVERSION = YES_AGGRESSIVE;
				CLANG_CXX_LANGUAGE_STANDARD = "gnu++17";
				CLANG_ENABLE_MODULES = YES;
				CLANG_ENABLE_OBJC_ARC = YES;
				CLANG_ENABLE_OBJC_WEAK = YES;
				CLANG_WARN_BLOCK_CAPTURE_AUTORELEASING = YES;
				CLANG_WARN_BOOL_CONVERSION = YES;
				CLANG_WARN_COMMA = YES;
				CLANG_WARN_CONSTANT_CONVERSION = YES;
				CLANG_WARN_DEPRECATED_OBJC_IMPLEMENTATIONS = YES;
				CLANG_WARN_DIRECT_OBJC_ISA_USAGE = YES_ERROR;
				CLANG_WARN_DOCUMENTATION_COMMENTS = YES;
				CLANG_WARN_EMPTY_BODY = YES;
				CLANG_WARN_ENUM_CONVERSION = YES;
				CLANG_WARN_INFINITE_RECURSION = YES;
				CLANG_WARN_INT_CONVERSION = YES;
				CLANG_WARN_NON_LITERAL_NULL_CONVERSION = YES;
				CLANG_WARN_OBJC_IMPLICIT_RETAIN_SELF = YES;
				CLANG_WARN_OBJC_LITERAL_CONVERSION = YES;
				CLANG_WARN_OBJC_ROOT_CLASS = YES_ERROR;
				CLANG_WARN_QUOTED_INCLUDE_IN_FRAMEWORK_HEADER = YES;
				CLANG_WARN_RANGE_LOOP_ANALYSIS = YES;
				CLANG_WARN_STRICT_PROTOTYPES = YES;
				CLANG_WARN_SUSPICIOUS_MOVE = YES;
				CLANG_WARN_UNGUARDED_AVAILABILITY = YES_AGGRESSIVE;
				CLANG_WARN_UNREACHABLE_CODE = YES;
				CLANG_WARN__DUPLICATE_METHOD_MATCH = YES;
				COPY_PHASE_STRIP = NO;
				DEBUG_INFORMATION_FORMAT = "dwarf-with-dsym";
				ENABLE_NS_ASSERTIONS = NO;
				ENABLE_STRICT_OBJC_MSGSEND = YES;
				GCC_C_LANGUAGE_STANDARD = gnu11;
				GCC_NO_COMMON_BLOCKS = YES;
				GCC_WARN_64_TO_32_BIT_CONVERSION = YES;
				GCC_WARN_ABOUT_RETURN_TYPE = YES_ERROR;
				GCC_WARN_UNDECLARED_SELECTOR = YES;
				GCC_WARN_UNINITIALIZED_AUTOS = YES_AGGRESSIVE;
				GCC_WARN_UNUSED_FUNCTION = YES;
				GCC_WARN_UNUSED_VARIABLE = YES;
				IPHONEOS_DEPLOYMENT_TARGET = 14.0;
				MTL_ENABLE_DEBUG_INFO = NO;
				MTL_FAST_MATH = YES;
				SDKROOT = iphoneos;
				SWIFT_COMPILATION_MODE = wholemodule;
				SWIFT_OPTIMIZATION_LEVEL = "-O";
				VALIDATE_PRODUCT = YES;
			};
			name = Release;
		};
		89924DF128658BB5006EA2EE /* Debug */ = {
			isa = XCBuildConfiguration;
			buildSettings = {
				ASSETCATALOG_COMPILER_APPICON_NAME = AppIcon;
				ASSETCATALOG_COMPILER_GLOBAL_ACCENT_COLOR_NAME = AccentColor;
				CODE_SIGN_STYLE = Automatic;
				CURRENT_PROJECT_VERSION = 1;
				DEVELOPMENT_TEAM = YLY2249R62;
				GENERATE_INFOPLIST_FILE = YES;
				INFOPLIST_FILE = WeatherInformation/Info.plist;
				INFOPLIST_KEY_UIApplicationSupportsIndirectInputEvents = YES;
				INFOPLIST_KEY_UILaunchStoryboardName = LaunchScreen;
				INFOPLIST_KEY_UIMainStoryboardFile = LaunchScreen;
				INFOPLIST_KEY_UISupportedInterfaceOrientations = UIInterfaceOrientationPortrait;
				INFOPLIST_KEY_UISupportedInterfaceOrientations_iPad = "UIInterfaceOrientationPortrait UIInterfaceOrientationPortraitUpsideDown UIInterfaceOrientationLandscapeLeft UIInterfaceOrientationLandscapeRight";
				INFOPLIST_KEY_UISupportedInterfaceOrientations_iPhone = "UIInterfaceOrientationPortrait UIInterfaceOrientationLandscapeLeft UIInterfaceOrientationLandscapeRight";
				IPHONEOS_DEPLOYMENT_TARGET = 14.0;
				LD_RUNPATH_SEARCH_PATHS = (
					"$(inherited)",
					"@executable_path/Frameworks",
				);
				MARKETING_VERSION = 1.0;
				PRODUCT_BUNDLE_IDENTIFIER = com.eunsoo.WeatherInformation;
				PRODUCT_NAME = "$(TARGET_NAME)";
				SWIFT_EMIT_LOC_STRINGS = YES;
				SWIFT_VERSION = 5.0;
				TARGETED_DEVICE_FAMILY = 1;
			};
			name = Debug;
		};
		89924DF228658BB5006EA2EE /* Release */ = {
			isa = XCBuildConfiguration;
			buildSettings = {
				ASSETCATALOG_COMPILER_APPICON_NAME = AppIcon;
				ASSETCATALOG_COMPILER_GLOBAL_ACCENT_COLOR_NAME = AccentColor;
				CODE_SIGN_STYLE = Automatic;
				CURRENT_PROJECT_VERSION = 1;
				DEVELOPMENT_TEAM = YLY2249R62;
				GENERATE_INFOPLIST_FILE = YES;
				INFOPLIST_FILE = WeatherInformation/Info.plist;
				INFOPLIST_KEY_UIApplicationSupportsIndirectInputEvents = YES;
				INFOPLIST_KEY_UILaunchStoryboardName = LaunchScreen;
				INFOPLIST_KEY_UIMainStoryboardFile = LaunchScreen;
				INFOPLIST_KEY_UISupportedInterfaceOrientations = UIInterfaceOrientationPortrait;
				INFOPLIST_KEY_UISupportedInterfaceOrientations_iPad = "UIInterfaceOrientationPortrait UIInterfaceOrientationPortraitUpsideDown UIInterfaceOrientationLandscapeLeft UIInterfaceOrientationLandscapeRight";
				INFOPLIST_KEY_UISupportedInterfaceOrientations_iPhone = "UIInterfaceOrientationPortrait UIInterfaceOrientationLandscapeLeft UIInterfaceOrientationLandscapeRight";
				IPHONEOS_DEPLOYMENT_TARGET = 14.0;
				LD_RUNPATH_SEARCH_PATHS = (
					"$(inherited)",
					"@executable_path/Frameworks",
				);
				MARKETING_VERSION = 1.0;
				PRODUCT_BUNDLE_IDENTIFIER = com.eunsoo.WeatherInformation;
				PRODUCT_NAME = "$(TARGET_NAME)";
				SWIFT_EMIT_LOC_STRINGS = YES;
				SWIFT_VERSION = 5.0;
				TARGETED_DEVICE_FAMILY = 1;
			};
			name = Release;
		};
/* End XCBuildConfiguration section */

/* Begin XCConfigurationList section */
		89924DD728658BB4006EA2EE /* Build configuration list for PBXProject "WeatherInformation" */ = {
			isa = XCConfigurationList;
			buildConfigurations = (
				89924DEE28658BB5006EA2EE /* Debug */,
				89924DEF28658BB5006EA2EE /* Release */,
			);
			defaultConfigurationIsVisible = 0;
			defaultConfigurationName = Release;
		};
		89924DF028658BB5006EA2EE /* Build configuration list for PBXNativeTarget "WeatherInformation" */ = {
			isa = XCConfigurationList;
			buildConfigurations = (
				89924DF128658BB5006EA2EE /* Debug */,
				89924DF228658BB5006EA2EE /* Release */,
			);
			defaultConfigurationIsVisible = 0;
			defaultConfigurationName = Release;
		};
/* End XCConfigurationList section */
	};
	rootObject = 89924DD428658BB4006EA2EE /* Project object */;
}
